{
  "name": "next-controller",
  "version": "1.0.0",
  "lockfileVersion": 1,
  "requires": true,
  "dependencies": {
    "@hyurl/utils": {
      "version": "0.2.8",
      "resolved": "https://registry.npmjs.org/@hyurl/utils/-/utils-0.2.8.tgz",
      "integrity": "sha512-6Qze7+icZj3qKyyfcbXqZjIx6mh7nl5Z/y2wM+0hR1+nEAIcTXkWVib33ijNS7rut1hbw950n+VqG4FkKKmE6g==",
      "requires": {
        "check-iterable": "^1.0.2",
        "could-be-class": "^0.2.0",
        "is-like": "^0.1.6",
        "tslib": "^1.13.0",
        "utf8-length": "0.0.1"
      }
    },
    "@types/node": {
      "version": "14.14.9",
      "resolved": "https://registry.npmjs.org/@types/node/-/node-14.14.9.tgz",
      "integrity": "sha512-JsoLXFppG62tWTklIoO4knA+oDTYsmqWxHRvd4lpmfQRNhX6osheUOWETP2jMoV/2bEHuMra8Pp3Dmo/stBFcw==",
      "dev": true
    },
    "@types/qs": {
      "version": "6.9.5",
      "resolved": "https://registry.npmjs.org/@types/qs/-/qs-6.9.5.tgz",
      "integrity": "sha512-/JHkVHtx/REVG0VVToGRGH2+23hsYLHdyG+GrvoUGlGAd0ErauXDyvHtRI/7H7mzLm+tBCKA7pfcpkQ1lf58iQ=="
    },
    "check-iterable": {
      "version": "1.0.2",
      "resolved": "https://registry.npmjs.org/check-iterable/-/check-iterable-1.0.2.tgz",
      "integrity": "sha512-N3AE0MUM2XFspEXr7uP3x8d0dJ7TYafW6i7eyEYOex1eUcLVpfPOo0pe/Jb4qjebE4iTnSmv7t2d0ACrjIWQJA=="
    },
    "could-be-class": {
      "version": "0.2.0",
      "resolved": "https://registry.npmjs.org/could-be-class/-/could-be-class-0.2.0.tgz",
      "integrity": "sha512-z5VzMR+uofHUocp6aiZtPpy5SWw948JaCRP6BfYqY98yqWefEjL5Mq5Io/IviMhbMI8uqwZx3kFEbku/Ckqztg=="
    },
    "is-like": {
      "version": "0.1.6",
      "resolved": "https://registry.npmjs.org/is-like/-/is-like-0.1.6.tgz",
      "integrity": "sha512-fAR9UV4zMDW0p6OMuc/jAcnSIDuzPrzFmvT5bTWaRlUtNhYMJqEEGR73NVcXUm3H170RaEGIVhOAkahBt+3b/w=="
    },
    "js-magic": {
      "version": "1.2.1",
      "resolved": "https://registry.npmjs.org/js-magic/-/js-magic-1.2.1.tgz",
      "integrity": "sha512-N9f0mAELF4oNfjcGd/cQaRzE86knIpXk7CMy5OLdHnJlg7jn8yGcEgoHFHNucDwaeIYpi60wZg/u46BjDbcArA=="
    },
    "qs": {
      "version": "6.9.4",
      "resolved": "https://registry.npmjs.org/qs/-/qs-6.9.4.tgz",
      "integrity": "sha512-A1kFqHekCTM7cz0udomYUoYNWjBebHm/5wzU/XqrBRBNWectVH0QIiN+NEcZ0Dte5hvzHwbr8+XQmguPhJ6WdQ=="
    },
    "tslib": {
      "version": "1.14.1",
      "resolved": "https://registry.npmjs.org/tslib/-/tslib-1.14.1.tgz",
      "integrity": "sha512-Xni35NKzjgMrwevysHTCArtLDpPvye8zV/0E4EyYn43P7/7qvQwPh9BGkHewbMulVntbigmcT7rdX3BNo9wRJg=="
    },
    "utf8-length": {
      "version": "0.0.1",
      "resolved": "https://registry.npmjs.org/utf8-length/-/utf8-length-0.0.1.tgz",
      "integrity": "sha1-0xXEvtUpyXfxjdNcc9cmKDJ9mto="
    }
  }
}
